
Microsoft Visual Studio Solution File, Format Version 12.00
# Visual Studio Version 16
VisualStudioVersion = 16.0.29905.134
MinimumVisualStudioVersion = 10.0.40219.1
Project("{FAE04EC0-301F-11D3-BF4B-00C04F79EFBC}") = "Recoleccion_de_datos", "Recoleccion_de_datos\Recoleccion_de_datos.csproj", "{407CC4CA-968D-4BBE-AF1C-6057ABE59B0A}"
EndProject
Global
	GlobalSection(SolutionConfigurationPlatforms) = preSolution
		Debug|Any CPU = Debug|Any CPU
		Release|Any CPU = Release|Any CPU
	EndGlobalSection
	GlobalSection(ProjectConfigurationPlatforms) = postSolution
		{407CC4CA-968D-4BBE-AF1C-6057ABE59B0A}.Debug|Any CPU.ActiveCfg = Debug|Any CPU
		{407CC4CA-968D-4BBE-AF1C-6057ABE59B0A}.Debug|Any CPU.Build.0 = Debug|Any CPU
		{407CC4CA-968D-4BBE-AF1C-6057ABE59B0A}.Release|Any CPU.ActiveCfg = Release|Any CPU
		{407CC4CA-968D-4BBE-AF1C-6057ABE59B0A}.Release|Any CPU.Build.0 = Release|Any CPU
	EndGlobalSection
	GlobalSection(SolutionProperties) = preSolution
		HideSolutionNode = FALSE
	EndGlobalSection
	GlobalSection(ExtensibilityGlobals) = postSolution
		SolutionGuid = {D7D136AA-908E-4156-A526-15E8FC8C8EBE}
	EndGlobalSection
EndGlobal
